// !$*UTF8*$!
{
	archiveVersion = 1;
	classes = {
	};
	objectVersion = 50;
	objects = {

/* Begin PBXBuildFile section */
		5E9EECC521435F19008A040F /* AppDelegate.swift in Sources */ = {isa = PBXBuildFile; fileRef = 5E9EECC421435F19008A040F /* AppDelegate.swift */; };
		5E9EECC721435F19008A040F /* ViewController.swift in Sources */ = {isa = PBXBuildFile; fileRef = 5E9EECC621435F19008A040F /* ViewController.swift */; };
		5E9EECCA21435F19008A040F /* Main.storyboard in Resources */ = {isa = PBXBuildFile; fileRef = 5E9EECC821435F19008A040F /* Main.storyboard */; };
		5E9EECCC21435F1A008A040F /* Assets.xcassets in Resources */ = {isa = PBXBuildFile; fileRef = 5E9EECCB21435F1A008A040F /* Assets.xcassets */; };
		5E9EECCF21435F1A008A040F /* LaunchScreen.storyboard in Resources */ = {isa = PBXBuildFile; fileRef = 5E9EECCD21435F1A008A040F /* LaunchScreen.storyboard */; };
		5E9EECDA21435F1A008A040F /* tipsterTests.swift in Sources */ = {isa = PBXBuildFile; fileRef = 5E9EECD921435F1A008A040F /* tipsterTests.swift */; };
		5E9EECE521435F1A008A040F /* tipsterUITests.swift in Sources */ = {isa = PBXBuildFile; fileRef = 5E9EECE421435F1A008A040F /* tipsterUITests.swift */; };
/* End PBXBuildFile section */

/* Begin PBXContainerItemProxy section */
		5E9EECD621435F1A008A040F /* PBXContainerItemProxy */ = {
			isa = PBXContainerItemProxy;
			containerPortal = 5E9EECB921435F19008A040F /* Project object */;
			proxyType = 1;
			remoteGlobalIDString = 5E9EECC021435F19008A040F;
			remoteInfo = tipster;
		};
		5E9EECE121435F1A008A040F /* PBXContainerItemProxy */ = {
			isa = PBXContainerItemProxy;
			containerPortal = 5E9EECB921435F19008A040F /* Project object */;
			proxyType = 1;
			remoteGlobalIDString = 5E9EECC021435F19008A040F;
			remoteInfo = tipster;
		};
/* End PBXContainerItemProxy section */

/* Begin PBXFileReference section */
		5E9EECC121435F19008A040F /* tipster.app */ = {isa = PBXFileReference; explicitFileType = wrapper.application; includeInIndex = 0; path = tipster.app; sourceTree = BUILT_PRODUCTS_DIR; };
		5E9EECC421435F19008A040F /* AppDelegate.swift */ = {isa = PBXFileReference; lastKnownFileType = sourcecode.swift; path = AppDelegate.swift; sourceTree = "<group>"; };
		5E9EECC621435F19008A040F /* ViewController.swift */ = {isa = PBXFileReference; lastKnownFileType = sourcecode.swift; path = ViewController.swift; sourceTree = "<group>"; };
		5E9EECC921435F19008A040F /* Base */ = {isa = PBXFileReference; lastKnownFileType = file.storyboard; name = Base; path = Base.lproj/Main.storyboard; sourceTree = "<group>"; };
		5E9EECCB21435F1A008A040F /* Assets.xcassets */ = {isa = PBXFileReference; lastKnownFileType = folder.assetcatalog; path = Assets.xcassets; sourceTree = "<group>"; };
		5E9EECCE21435F1A008A040F /* Base */ = {isa = PBXFileReference; lastKnownFileType = file.storyboard; name = Base; path = Base.lproj/LaunchScreen.storyboard; sourceTree = "<group>"; };
		5E9EECD021435F1A008A040F /* Info.plist */ = {isa = PBXFileReference; lastKnownFileType = text.plist.xml; path = Info.plist; sourceTree = "<group>"; };
		5E9EECD521435F1A008A040F /* tipsterTests.xctest */ = {isa = PBXFileReference; explicitFileType = wrapper.cfbundle; includeInIndex = 0; path = tipsterTests.xctest; sourceTree = BUILT_PRODUCTS_DIR; };
		5E9EECD921435F1A008A040F /* tipsterTests.swift */ = {isa = PBXFileReference; lastKnownFileType = sourcecode.swift; path = tipsterTests.swift; sourceTree = "<group>"; };
		5E9EECDB21435F1A008A040F /* Info.plist */ = {isa = PBXFileReference; lastKnownFileType = text.plist.xml; path = Info.plist; sourceTree = "<group>"; };
		5E9EECE021435F1A008A040F /* tipsterUITests.xctest */ = {isa = PBXFileReference; explicitFileType = wrapper.cfbundle; includeInIndex = 0; path = tipsterUITests.xctest; sourceTree = BUILT_PRODUCTS_DIR; };
		5E9EECE421435F1A008A040F /* tipsterUITests.swift */ = {isa = PBXFileReference; lastKnownFileType = sourcecode.swift; path = tipsterUITests.swift; sourceTree = "<group>"; };
		5E9EECE621435F1A008A040F /* Info.plist */ = {isa = PBXFileReference; lastKnownFileType = text.plist.xml; path = Info.plist; sourceTree = "<group>"; };
/* End PBXFileReference section */

/* Begin PBXFrameworksBuildPhase section */
		5E9EECBE21435F19008A040F /* Frameworks */ = {
			isa = PBXFrameworksBuildPhase;
			buildActionMask = 2147483647;
			files = (
			);
			runOnlyForDeploymentPostprocessing = 0;
		};
		5E9EECD221435F1A008A040F /* Frameworks */ = {
			isa = PBXFrameworksBuildPhase;
			buildActionMask = 2147483647;
			files = (
			);
			runOnlyForDeploymentPostprocessing = 0;
		};
		5E9EECDD21435F1A008A040F /* Frameworks */ = {
			isa = PBXFrameworksBuildPhase;
			buildActionMask = 2147483647;
			files = (
			);
			runOnlyForDeploymentPostprocessing = 0;
		};
/* End PBXFrameworksBuildPhase section */

/* Begin PBXGroup section */
		5E9EECB821435F19008A040F = {
			isa = PBXGroup;
			children = (
				5E9EECC321435F19008A040F /* tipster */,
				5E9EECD821435F1A008A040F /* tipsterTests */,
				5E9EECE321435F1A008A040F /* tipsterUITests */,
				5E9EECC221435F19008A040F /* Products */,
			);
			sourceTree = "<group>";
		};
		5E9EECC221435F19008A040F /* Products */ = {
			isa = PBXGroup;
			children = (
				5E9EECC121435F19008A040F /* tipster.app */,
				5E9EECD521435F1A008A040F /* tipsterTests.xctest */,
				5E9EECE021435F1A008A040F /* tipsterUITests.xctest */,
			);
			name = Products;
			sourceTree = "<group>";
		};
		5E9EECC321435F19008A040F /* tipster */ = {
			isa = PBXGroup;
			children = (
				5E9EECC421435F19008A040F /* AppDelegate.swift */,
				5E9EECC621435F19008A040F /* ViewController.swift */,
				5E9EECC821435F19008A040F /* Main.storyboard */,
				5E9EECCB21435F1A008A040F /* Assets.xcassets */,
				5E9EECCD21435F1A008A040F /* LaunchScreen.storyboard */,
				5E9EECD021435F1A008A040F /* Info.plist */,
			);
			path = tipster;
			sourceTree = "<group>";
		};
		5E9EECD821435F1A008A040F /* tipsterTests */ = {
			isa = PBXGroup;
			children = (
				5E9EECD921435F1A008A040F /* tipsterTests.swift */,
				5E9EECDB21435F1A008A040F /* Info.plist */,
			);
			path = tipsterTests;
			sourceTree = "<group>";
		};
		5E9EECE321435F1A008A040F /* tipsterUITests */ = {
			isa = PBXGroup;
			children = (
				5E9EECE421435F1A008A040F /* tipsterUITests.swift */,
				5E9EECE621435F1A008A040F /* Info.plist */,
			);
			path = tipsterUITests;
			sourceTree = "<group>";
		};
/* End PBXGroup section */

/* Begin PBXNativeTarget section */
		5E9EECC021435F19008A040F /* tipster */ = {
			isa = PBXNativeTarget;
			buildConfigurationList = 5E9EECE921435F1A008A040F /* Build configuration list for PBXNativeTarget "tipster" */;
			buildPhases = (
				5E9EECBD21435F19008A040F /* Sources */,
				5E9EECBE21435F19008A040F /* Frameworks */,
				5E9EECBF21435F19008A040F /* Resources */,
			);
			buildRules = (
			);
			dependencies = (
			);
			name = tipster;
			productName = tipster;
			productReference = 5E9EECC121435F19008A040F /* tipster.app */;
			productType = "com.apple.product-type.application";
		};
		5E9EECD421435F1A008A040F /* tipsterTests */ = {
			isa = PBXNativeTarget;
			buildConfigurationList = 5E9EECEC21435F1A008A040F /* Build configuration list for PBXNativeTarget "tipsterTests" */;
			buildPhases = (
				5E9EECD121435F1A008A040F /* Sources */,
				5E9EECD221435F1A008A040F /* Frameworks */,
				5E9EECD321435F1A008A040F /* Resources */,
			);
			buildRules = (
			);
			dependencies = (
				5E9EECD721435F1A008A040F /* PBXTargetDependency */,
			);
			name = tipsterTests;
			productName = tipsterTests;
			productReference = 5E9EECD521435F1A008A040F /* tipsterTests.xctest */;
			productType = "com.apple.product-type.bundle.unit-test";
		};
		5E9EECDF21435F1A008A040F /* tipsterUITests */ = {
			isa = PBXNativeTarget;
			buildConfigurationList = 5E9EECEF21435F1A008A040F /* Build configuration list for PBXNativeTarget "tipsterUITests" */;
			buildPhases = (
				5E9EECDC21435F1A008A040F /* Sources */,
				5E9EECDD21435F1A008A040F /* Frameworks */,
				5E9EECDE21435F1A008A040F /* Resources */,
			);
			buildRules = (
			);
			dependencies = (
				5E9EECE221435F1A008A040F /* PBXTargetDependency */,
			);
			name = tipsterUITests;
			productName = tipsterUITests;
			productReference = 5E9EECE021435F1A008A040F /* tipsterUITests.xctest */;
			productType = "com.apple.product-type.bundle.ui-testing";
		};
/* End PBXNativeTarget section */

/* Begin PBXProject section */
		5E9EECB921435F19008A040F /* Project object */ = {
			isa = PBXProject;
			attributes = {
				LastSwiftUpdateCheck = 0940;
				LastUpgradeCheck = 0940;
				ORGANIZATIONNAME = "Isabell Frischmann";
				TargetAttributes = {
					5E9EECC021435F19008A040F = {
						CreatedOnToolsVersion = 9.4.1;
					};
					5E9EECD421435F1A008A040F = {
						CreatedOnToolsVersion = 9.4.1;
						TestTargetID = 5E9EECC021435F19008A040F;
					};
					5E9EECDF21435F1A008A040F = {
						CreatedOnToolsVersion = 9.4.1;
						TestTargetID = 5E9EECC021435F19008A040F;
					};
				};
			};
			buildConfigurationList = 5E9EECBC21435F19008A040F /* Build configuration list for PBXProject "tipster" */;
			compatibilityVersion = "Xcode 9.3";
			developmentRegion = en;
			hasScannedForEncodings = 0;
			knownRegions = (
				en,
				Base,
			);
			mainGroup = 5E9EECB821435F19008A040F;
			productRefGroup = 5E9EECC221435F19008A040F /* Products */;
			projectDirPath = "";
			projectRoot = "";
			targets = (
				5E9EECC021435F19008A040F /* tipster */,
				5E9EECD421435F1A008A040F /* tipsterTests */,
				5E9EECDF21435F1A008A040F /* tipsterUITests */,
			);
		};
/* End PBXProject section */

/* Begin PBXResourcesBuildPhase section */
		5E9EECBF21435F19008A040F /* Resources */ = {
			isa = PBXResourcesBuildPhase;
			buildActionMask = 2147483647;
			files = (
				5E9EECCF21435F1A008A040F /* LaunchScreen.storyboard in Resources */,
				5E9EECCC21435F1A008A040F /* Assets.xcassets in Resources */,
				5E9EECCA21435F19008A040F /* Main.storyboard in Resources */,
			);
			runOnlyForDeploymentPostprocessing = 0;
		};
		5E9EECD321435F1A008A040F /* Resources */ = {
			isa = PBXResourcesBuildPhase;
			buildActionMask = 2147483647;
			files = (
			);
			runOnlyForDeploymentPostprocessing = 0;
		};
		5E9EECDE21435F1A008A040F /* Resources */ = {
			isa = PBXResourcesBuildPhase;
			buildActionMask = 2147483647;
			files = (
			);
			runOnlyForDeploymentPostprocessing = 0;
		};
/* End PBXResourcesBuildPhase section */

/* Begin PBXSourcesBuildPhase section */
		5E9EECBD21435F19008A040F /* Sources */ = {
			isa = PBXSourcesBuildPhase;
			buildActionMask = 2147483647;
			files = (
				5E9EECC721435F19008A040F /* ViewController.swift in Sources */,
				5E9EECC521435F19008A040F /* AppDelegate.swift in Sources */,
			);
			runOnlyForDeploymentPostprocessing = 0;
		};
		5E9EECD121435F1A008A040F /* Sources */ = {
			isa = PBXSourcesBuildPhase;
			buildActionMask = 2147483647;
			files = (
				5E9EECDA21435F1A008A040F /* tipsterTests.swift in Sources */,
			);
			runOnlyForDeploymentPostprocessing = 0;
		};
		5E9EECDC21435F1A008A040F /* Sources */ = {
			isa = PBXSourcesBuildPhase;
			buildActionMask = 2147483647;
			files = (
				5E9EECE521435F1A008A040F /* tipsterUITests.swift in Sources */,
			);
			runOnlyForDeploymentPostprocessing = 0;
		};
/* End PBXSourcesBuildPhase section */

/* Begin PBXTargetDependency section */
		5E9EECD721435F1A008A040F /* PBXTargetDependency */ = {
			isa = PBXTargetDependency;
			target = 5E9EECC021435F19008A040F /* tipster */;
			targetProxy = 5E9EECD621435F1A008A040F /* PBXContainerItemProxy */;
		};
		5E9EECE221435F1A008A040F /* PBXTargetDependency */ = {
			isa = PBXTargetDependency;
			target = 5E9EECC021435F19008A040F /* tipster */;
			targetProxy = 5E9EECE121435F1A008A040F /* PBXContainerItemProxy */;
		};
/* End PBXTargetDependency section */

/* Begin PBXVariantGroup section */
		5E9EECC821435F19008A040F /* Main.storyboard */ = {
			isa = PBXVariantGroup;
			children = (
				5E9EECC921435F19008A040F /* Base */,
			);
			name = Main.storyboard;
			sourceTree = "<group>";
		};
		5E9EECCD21435F1A008A040F /* LaunchScreen.storyboard */ = {
			isa = PBXVariantGroup;
			children = (
				5E9EECCE21435F1A008A040F /* Base */,
			);
			name = LaunchScreen.storyboard;
			sourceTree = "<group>";
		};
/* End PBXVariantGroup section */

/* Begin XCBuildConfiguration section */
		5E9EECE721435F1A008A040F /* Debug */ = {
			isa = XCBuildConfiguration;
			buildSettings = {
				ALWAYS_SEARCH_USER_PATHS = NO;
				CLANG_ANALYZER_NONNULL = YES;
				CLANG_ANALYZER_NUMBER_OBJECT_CONVERSION = YES_AGGRESSIVE;
				CLANG_CXX_LANGUAGE_STANDARD = "gnu++14";
				CLANG_CXX_LIBRARY = "libc++";
				CLANG_ENABLE_MODULES = YES;
				CLANG_ENABLE_OBJC_ARC = YES;
				CLANG_ENABLE_OBJC_WEAK = YES;
				CLANG_WARN_BLOCK_CAPTURE_AUTORELEASING = YES;
				CLANG_WARN_BOOL_CONVERSION = YES;
				CLANG_WARN_COMMA = YES;
				CLANG_WARN_CONSTANT_CONVERSION = YES;
				CLANG_WARN_DEPRECATED_OBJC_IMPLEMENTATIONS = YES;
				CLANG_WARN_DIRECT_OBJC_ISA_USAGE = YES_ERROR;
				CLANG_WARN_DOCUMENTATION_COMMENTS = YES;
				CLANG_WARN_EMPTY_BODY = YES;
				CLANG_WARN_ENUM_CONVERSION = YES;
				CLANG_WARN_INFINITE_RECURSION = YES;
				CLANG_WARN_INT_CONVERSION = YES;
				CLANG_WARN_NON_LITERAL_NULL_CONVERSION = YES;
				CLANG_WARN_OBJC_IMPLICIT_RETAIN_SELF = YES;
				CLANG_WARN_OBJC_LITERAL_CONVERSION = YES;
				CLANG_WARN_OBJC_ROOT_CLASS = YES_ERROR;
				CLANG_WARN_RANGE_LOOP_ANALYSIS = YES;
				CLANG_WARN_STRICT_PROTOTYPES = YES;
				CLANG_WARN_SUSPICIOUS_MOVE = YES;
				CLANG_WARN_UNGUARDED_AVAILABILITY = YES_AGGRESSIVE;
				CLANG_WARN_UNREACHABLE_CODE = YES;
				CLANG_WARN__DUPLICATE_METHOD_MATCH = YES;
				CODE_SIGN_IDENTITY = "iPhone Developer";
				COPY_PHASE_STRIP = NO;
				DEBUG_INFORMATION_FORMAT = dwarf;
				ENABLE_STRICT_OBJC_MSGSEND = YES;
				ENABLE_TESTABILITY = YES;
				GCC_C_LANGUAGE_STANDARD = gnu11;
				GCC_DYNAMIC_NO_PIC = NO;
				GCC_NO_COMMON_BLOCKS = YES;
				GCC_OPTIMIZATION_LEVEL = 0;
				GCC_PREPROCESSOR_DEFINITIONS = (
					"DEBUG=1",
					"$(inherited)",
				);
				GCC_WARN_64_TO_32_BIT_CONVERSION = YES;
				GCC_WARN_ABOUT_RETURN_TYPE = YES_ERROR;
				GCC_WARN_UNDECLARED_SELECTOR = YES;
				GCC_WARN_UNINITIALIZED_AUTOS = YES_AGGRESSIVE;
				GCC_WARN_UNUSED_FUNCTION = YES;
				GCC_WARN_UNUSED_VARIABLE = YES;
				IPHONEOS_DEPLOYMENT_TARGET = 11.4;
				MTL_ENABLE_DEBUG_INFO = YES;
				ONLY_ACTIVE_ARCH = YES;
				SDKROOT = iphoneos;
				SWIFT_ACTIVE_COMPILATION_CONDITIONS = DEBUG;
				SWIFT_OPTIMIZATION_LEVEL = "-Onone";
			};
			name = Debug;
		};
		5E9EECE821435F1A008A040F /* Release */ = {
			isa = XCBuildConfiguration;
			buildSettings = {
				ALWAYS_SEARCH_USER_PATHS = NO;
				CLANG_ANALYZER_NONNULL = YES;
				CLANG_ANALYZER_NUMBER_OBJECT_CONVERSION = YES_AGGRESSIVE;
				CLANG_CXX_LANGUAGE_STANDARD = "gnu++14";
				CLANG_CXX_LIBRARY = "libc++";
				CLANG_ENABLE_MODULES = YES;
				CLANG_ENABLE_OBJC_ARC = YES;
				CLANG_ENABLE_OBJC_WEAK = YES;
				CLANG_WARN_BLOCK_CAPTURE_AUTORELEASING = YES;
				CLANG_WARN_BOOL_CONVERSION = YES;
				CLANG_WARN_COMMA = YES;
				CLANG_WARN_CONSTANT_CONVERSION = YES;
				CLANG_WARN_DEPRECATED_OBJC_IMPLEMENTATIONS = YES;
				CLANG_WARN_DIRECT_OBJC_ISA_USAGE = YES_ERROR;
				CLANG_WARN_DOCUMENTATION_COMMENTS = YES;
				CLANG_WARN_EMPTY_BODY = YES;
				CLANG_WARN_ENUM_CONVERSION = YES;
				CLANG_WARN_INFINITE_RECURSION = YES;
				CLANG_WARN_INT_CONVERSION = YES;
				CLANG_WARN_NON_LITERAL_NULL_CONVERSION = YES;
				CLANG_WARN_OBJC_IMPLICIT_RETAIN_SELF = YES;
				CLANG_WARN_OBJC_LITERAL_CONVERSION = YES;
				CLANG_WARN_OBJC_ROOT_CLASS = YES_ERROR;
				CLANG_WARN_RANGE_LOOP_ANALYSIS = YES;
				CLANG_WARN_STRICT_PROTOTYPES = YES;
				CLANG_WARN_SUSPICIOUS_MOVE = YES;
				CLANG_WARN_UNGUARDED_AVAILABILITY = YES_AGGRESSIVE;
				CLANG_WARN_UNREACHABLE_CODE = YES;
				CLANG_WARN__DUPLICATE_METHOD_MATCH = YES;
				CODE_SIGN_IDENTITY = "iPhone Developer";
				COPY_PHASE_STRIP = NO;
				DEBUG_INFORMATION_FORMAT = "dwarf-with-dsym";
				ENABLE_NS_ASSERTIONS = NO;
				ENABLE_STRICT_OBJC_MSGSEND = YES;
				GCC_C_LANGUAGE_STANDARD = gnu11;
				GCC_NO_COMMON_BLOCKS = YES;
				GCC_WARN_64_TO_32_BIT_CONVERSION = YES;
				GCC_WARN_ABOUT_RETURN_TYPE = YES_ERROR;
				GCC_WARN_UNDECLARED_SELECTOR = YES;
				GCC_WARN_UNINITIALIZED_AUTOS = YES_AGGRESSIVE;
				GCC_WARN_UNUSED_FUNCTION = YES;
				GCC_WARN_UNUSED_VARIABLE = YES;
				IPHONEOS_DEPLOYMENT_TARGET = 11.4;
				MTL_ENABLE_DEBUG_INFO = NO;
				SDKROOT = iphoneos;
				SWIFT_COMPILATION_MODE = wholemodule;
				SWIFT_OPTIMIZATION_LEVEL = "-O";
				VALIDATE_PRODUCT = YES;
			};
			name = Release;
		};
		5E9EECEA21435F1A008A040F /* Debug */ = {
			isa = XCBuildConfiguration;
			buildSettings = {
				ASSETCATALOG_COMPILER_APPICON_NAME = AppIcon;
				CODE_SIGN_STYLE = Automatic;
				DEVELOPMENT_TEAM = 99Q8L2A6M6;
				INFOPLIST_FILE = tipster/Info.plist;
				LD_RUNPATH_SEARCH_PATHS = (
					"$(inherited)",
					"@executable_path/Frameworks",
				);
				PRODUCT_BUNDLE_IDENTIFIER = com.isabellfrischmann.tipster;
				PRODUCT_NAME = "$(TARGET_NAME)";
				SWIFT_VERSION = 4.0;
				TARGETED_DEVICE_FAMILY = "1,2";
			};
			name = Debug;
		};
		5E9EECEB21435F1A008A040F /* Release */ = {
			isa = XCBuildConfiguration;
			buildSettings = {
				ASSETCATALOG_COMPILER_APPICON_NAME = AppIcon;
				CODE_SIGN_STYLE = Automatic;
				DEVELOPMENT_TEAM = 99Q8L2A6M6;
				INFOPLIST_FILE = tipster/Info.plist;
				LD_RUNPATH_SEARCH_PATHS = (
					"$(inherited)",
					"@executable_path/Frameworks",
				);
				PRODUCT_BUNDLE_IDENTIFIER = com.isabellfrischmann.tipster;
				PRODUCT_NAME = "$(TARGET_NAME)";
				SWIFT_VERSION = 4.0;
				TARGETED_DEVICE_FAMILY = "1,2";
			};
			name = Release;
		};
		5E9EECED21435F1A008A040F /* Debug */ = {
			isa = XCBuildConfiguration;
			buildSettings = {
				ALWAYS_EMBED_SWIFT_STANDARD_LIBRARIES = YES;
				BUNDLE_LOADER = "$(TEST_HOST)";
				CODE_SIGN_STYLE = Automatic;
				DEVELOPMENT_TEAM = 99Q8L2A6M6;
				INFOPLIST_FILE = tipsterTests/Info.plist;
				LD_RUNPATH_SEARCH_PATHS = (
					"$(inherited)",
					"@executable_path/Frameworks",
					"@loader_path/Frameworks",
				);
				PRODUCT_BUNDLE_IDENTIFIER = com.isabellfrischmann.tipsterTests;
				PRODUCT_NAME = "$(TARGET_NAME)";
				SWIFT_VERSION = 4.0;
				TARGETED_DEVICE_FAMILY = "1,2";
				TEST_HOST = "$(BUILT_PRODUCTS_DIR)/tipster.app/tipster";
			};
			name = Debug;
		};
		5E9EECEE21435F1A008A040F /* Release */ = {
			isa = XCBuildConfiguration;
			buildSettings = {
				ALWAYS_EMBED_SWIFT_STANDARD_LIBRARIES = YES;
				BUNDLE_LOADER = "$(TEST_HOST)";
				CODE_SIGN_STYLE = Automatic;
				DEVELOPMENT_TEAM = 99Q8L2A6M6;
				INFOPLIST_FILE = tipsterTests/Info.plist;
				LD_RUNPATH_SEARCH_PATHS = (
					"$(inherited)",
					"@executable_path/Frameworks",
					"@loader_path/Frameworks",
				);
				PRODUCT_BUNDLE_IDENTIFIER = com.isabellfrischmann.tipsterTests;
				PRODUCT_NAME = "$(TARGET_NAME)";
				SWIFT_VERSION = 4.0;
				TARGETED_DEVICE_FAMILY = "1,2";
				TEST_HOST = "$(BUILT_PRODUCTS_DIR)/tipster.app/tipster";
			};
			name = Release;
		};
		5E9EECF021435F1A008A040F /* Debug */ = {
			isa = XCBuildConfiguration;
			buildSettings = {
				ALWAYS_EMBED_SWIFT_STANDARD_LIBRARIES = YES;
				CODE_SIGN_STYLE = Automatic;
				DEVELOPMENT_TEAM = 99Q8L2A6M6;
				INFOPLIST_FILE = tipsterUITests/Info.plist;
				LD_RUNPATH_SEARCH_PATHS = (
					"$(inherited)",
					"@executable_path/Frameworks",
					"@loader_path/Frameworks",
				);
				PRODUCT_BUNDLE_IDENTIFIER = com.isabellfrischmann.tipsterUITests;
				PRODUCT_NAME = "$(TARGET_NAME)";
				SWIFT_VERSION = 4.0;
				TARGETED_DEVICE_FAMILY = "1,2";
				TEST_TARGET_NAME = tipster;
			};
			name = Debug;
		};
		5E9EECF121435F1A008A040F /* Release */ = {
			isa = XCBuildConfiguration;
			buildSettings = {
				ALWAYS_EMBED_SWIFT_STANDARD_LIBRARIES = YES;
				CODE_SIGN_STYLE = Automatic;
				DEVELOPMENT_TEAM = 99Q8L2A6M6;
				INFOPLIST_FILE = tipsterUITests/Info.plist;
				LD_RUNPATH_SEARCH_PATHS = (
					"$(inherited)",
					"@executable_path/Frameworks",
					"@loader_path/Frameworks",
				);
				PRODUCT_BUNDLE_IDENTIFIER = com.isabellfrischmann.tipsterUITests;
				PRODUCT_NAME = "$(TARGET_NAME)";
				SWIFT_VERSION = 4.0;
				TARGETED_DEVICE_FAMILY = "1,2";
				TEST_TARGET_NAME = tipster;
			};
			name = Release;
		};
/* End XCBuildConfiguration section */

/* Begin XCConfigurationList section */
		5E9EECBC21435F19008A040F /* Build configuration list for PBXProject "tipster" */ = {
			isa = XCConfigurationList;
			buildConfigurations = (
				5E9EECE721435F1A008A040F /* Debug */,
				5E9EECE821435F1A008A040F /* Release */,
			);
			defaultConfigurationIsVisible = 0;
			defaultConfigurationName = Release;
		};
		5E9EECE921435F1A008A040F /* Build configuration list for PBXNativeTarget "tipster" */ = {
			isa = XCConfigurationList;
			buildConfigurations = (
				5E9EECEA21435F1A008A040F /* Debug */,
				5E9EECEB21435F1A008A040F /* Release */,
			);
			defaultConfigurationIsVisible = 0;
			defaultConfigurationName = Release;
		};
		5E9EECEC21435F1A008A040F /* Build configuration list for PBXNativeTarget "tipsterTests" */ = {
			isa = XCConfigurationList;
			buildConfigurations = (
				5E9EECED21435F1A008A040F /* Debug */,
				5E9EECEE21435F1A008A040F /* Release */,
			);
			defaultConfigurationIsVisible = 0;
			defaultConfigurationName = Release;
		};
		5E9EECEF21435F1A008A040F /* Build configuration list for PBXNativeTarget "tipsterUITests" */ = {
			isa = XCConfigurationList;
			buildConfigurations = (
				5E9EECF021435F1A008A040F /* Debug */,
				5E9EECF121435F1A008A040F /* Release */,
			);
			defaultConfigurationIsVisible = 0;
			defaultConfigurationName = Release;
		};
/* End XCConfigurationList section */
	};
	rootObject = 5E9EECB921435F19008A040F /* Project object */;
}
